
Microsoft Visual Studio Solution File, Format Version 12.00
# Visual Studio Version 16
VisualStudioVersion = 16.0.30011.22
MinimumVisualStudioVersion = 10.0.40219.1
Project("{FAE04EC0-301F-11D3-BF4B-00C04F79EFBC}") = "Calculator", "Calculator\Calculator.csproj", "{BF6B4B60-2C97-40BC-AAF6-929C812EE169}"
EndProject
Global
	GlobalSection(SolutionConfigurationPlatforms) = preSolution
		Debug|Any CPU = Debug|Any CPU
		Release|Any CPU = Release|Any CPU
	EndGlobalSection
	GlobalSection(ProjectConfigurationPlatforms) = postSolution
		{BF6B4B60-2C97-40BC-AAF6-929C812EE169}.Debug|Any CPU.ActiveCfg = Debug|Any CPU
		{BF6B4B60-2C97-40BC-AAF6-929C812EE169}.Debug|Any CPU.Build.0 = Debug|Any CPU
		{BF6B4B60-2C97-40BC-AAF6-929C812EE169}.Release|Any CPU.ActiveCfg = Release|Any CPU
		{BF6B4B60-2C97-40BC-AAF6-929C812EE169}.Release|Any CPU.Build.0 = Release|Any CPU
	EndGlobalSection
	GlobalSection(SolutionProperties) = preSolution
		HideSolutionNode = FALSE
	EndGlobalSection
	GlobalSection(ExtensibilityGlobals) = postSolution
		SolutionGuid = {E3EB9F4A-F295-4C05-A3D3-55CE2C3B6189}
	EndGlobalSection
EndGlobal
